
Microsoft Visual Studio Solution File, Format Version 12.00
Project("{FAE04EC0-301F-11D3-BF4B-00C04F79EFBC}") = "Lab1", "Lab1\Lab1.csproj", "{D7267FC5-185A-4F58-ABF0-379146E7DDEA}"
EndProject
Global
	GlobalSection(SolutionConfigurationPlatforms) = preSolution
		Debug|Any CPU = Debug|Any CPU
		Release|Any CPU = Release|Any CPU
	EndGlobalSection
	GlobalSection(ProjectConfigurationPlatforms) = postSolution
		{D7267FC5-185A-4F58-ABF0-379146E7DDEA}.Debug|Any CPU.ActiveCfg = Debug|Any CPU
		{D7267FC5-185A-4F58-ABF0-379146E7DDEA}.Debug|Any CPU.Build.0 = Debug|Any CPU
		{D7267FC5-185A-4F58-ABF0-379146E7DDEA}.Release|Any CPU.ActiveCfg = Release|Any CPU
		{D7267FC5-185A-4F58-ABF0-379146E7DDEA}.Release|Any CPU.Build.0 = Release|Any CPU
	EndGlobalSection
EndGlobal
